
Microsoft Visual Studio Solution File, Format Version 12.00
# Visual Studio Version 17
VisualStudioVersion = 17.13.35931.197 d17.13
MinimumVisualStudioVersion = 10.0.40219.1
Project("{FAE04EC0-301F-11D3-BF4B-00C04F79EFBC}") = "SchoolManagement", "SchoolManagement\SchoolManagement.csproj", "{BB6B27AB-10BF-4483-A5CD-245D4684D7B9}"
EndProject
Global
	GlobalSection(SolutionConfigurationPlatforms) = preSolution
		Debug|Any CPU = Debug|Any CPU
		Release|Any CPU = Release|Any CPU
	EndGlobalSection
	GlobalSection(ProjectConfigurationPlatforms) = postSolution
		{BB6B27AB-10BF-4483-A5CD-245D4684D7B9}.Debug|Any CPU.ActiveCfg = Debug|Any CPU
		{BB6B27AB-10BF-4483-A5CD-245D4684D7B9}.Debug|Any CPU.Build.0 = Debug|Any CPU
		{BB6B27AB-10BF-4483-A5CD-245D4684D7B9}.Release|Any CPU.ActiveCfg = Release|Any CPU
		{BB6B27AB-10BF-4483-A5CD-245D4684D7B9}.Release|Any CPU.Build.0 = Release|Any CPU
	EndGlobalSection
	GlobalSection(SolutionProperties) = preSolution
		HideSolutionNode = FALSE
	EndGlobalSection
	GlobalSection(ExtensibilityGlobals) = postSolution
		SolutionGuid = {23D888B3-BC3D-463F-B916-D02952A57744}
	EndGlobalSection
EndGlobal
